{
  "name": "testapp",
  "version": "1.0.0",
  "lockfileVersion": 2,
  "requires": true,
  "packages": {
    "": {
      "name": "testapp",
      "version": "1.0.0",
      "license": "ISC",
      "dependencies": {
        "paillier-bigint": "^3.4.1"
      }
    },
    "node_modules/bigint-crypto-utils": {
      "version": "3.2.2",
      "resolved": "https://registry.npmjs.org/bigint-crypto-utils/-/bigint-crypto-utils-3.2.2.tgz",
      "integrity": "sha512-U1RbE3aX9ayCUVcIPHuPDPKcK3SFOXf93J1UK/iHlJuQB7bhagPIX06/CLpLEsDThJ7KA4Dhrnzynl+d2weTiw==",
      "engines": {
        "node": ">=14.0.0"
      }
    },
    "node_modules/paillier-bigint": {
      "version": "3.4.1",
      "resolved": "https://registry.npmjs.org/paillier-bigint/-/paillier-bigint-3.4.1.tgz",
      "integrity": "sha512-V6QKtwFm6YjAu9L6SFTG/YpZlBN3vCGn0KfsdP3QkSxu6ingej0MpmTH2ooMMFFiUHL3Rmc6Ao8YCryaiR2iOw==",
      "dependencies": {
        "bigint-crypto-utils": "^3.2.2"
      },
      "engines": {
        "node": ">=12"
      }
    }
  },
  "dependencies": {
    "bigint-crypto-utils": {
      "version": "3.2.2",
      "resolved": "https://registry.npmjs.org/bigint-crypto-utils/-/bigint-crypto-utils-3.2.2.tgz",
      "integrity": "sha512-U1RbE3aX9ayCUVcIPHuPDPKcK3SFOXf93J1UK/iHlJuQB7bhagPIX06/CLpLEsDThJ7KA4Dhrnzynl+d2weTiw=="
    },
    "paillier-bigint": {
      "version": "3.4.1",
      "resolved": "https://registry.npmjs.org/paillier-bigint/-/paillier-bigint-3.4.1.tgz",
      "integrity": "sha512-V6QKtwFm6YjAu9L6SFTG/YpZlBN3vCGn0KfsdP3QkSxu6ingej0MpmTH2ooMMFFiUHL3Rmc6Ao8YCryaiR2iOw==",
      "requires": {
        "bigint-crypto-utils": "^3.2.2"
      }
    }
  }
}
